{
  "name": "p5-vue-test",
  "lockfileVersion": 3,
  "requires": true,
  "packages": {
    "": {
      "name": "p5-vue-test",
      "dependencies": {
        "p5": "^1.11.0",
        "vue": "^3.4.0"
      },
      "devDependencies": {
        "@types/p5": "^1.7.6",
        "@vue/compiler-sfc": "^3.4.0",
        "@vue/tsconfig": "^0.4.0",
        "typescript": "5.2.2",
        "vue-tsc": "1.8.13"
      }
    },
    "node_modules/@babel/helper-string-parser": {
      "version": "7.27.1",
      "license": "MIT",
      "engines": {
        "node": ">=6.9.0"
      }
    },
    "node_modules/@babel/helper-validator-identifier": {
      "version": "7.27.1",
      "license": "MIT",
      "engines": {
        "node": ">=6.9.0"
      }
    },
    "node_modules/@babel/parser": {
      "version": "7.28.0",
      "license": "MIT",
      "dependencies": {
        "@babel/types": "^7.28.0"
      },
      "bin": {
        "parser": "bin/babel-parser.js"
      },
      "engines": {
        "node": ">=6.0.0"
      }
    },
    "node_modules/@babel/types": {
      "version": "7.28.0",
      "license": "MIT",
      "dependencies": {
        "@babel/helper-string-parser": "^7.27.1",
        "@babel/helper-validator-identifier": "^7.27.1"
      },
      "engines": {
        "node": ">=6.9.0"
      }
    },
    "node_modules/@jridgewell/sourcemap-codec": {
      "version": "1.5.4",
      "license": "MIT"
    },
    "node_modules/@types/p5": {
      "version": "1.7.6",
      "resolved": "https://registry.npmjs.org/@types/p5/-/p5-1.7.6.tgz",
      "integrity": "sha512-6pLTOo0V3N5jZb5nTwjiv3lPHLK3Z/TjbhQUj8CTWXocUk1Z/f6OHTp3Pcwi1BhWnf5gqKUcyEb1gP0KIJuQgw==",
      "dev": true
    },
    "node_modules/@volar/language-core": {
      "version": "1.10.10",
      "dev": true,
      "license": "MIT",
      "dependencies": {
        "@volar/source-map": "1.10.10"
      }
    },
    "node_modules/@volar/source-map": {
      "version": "1.10.10",
      "dev": true,
      "license": "MIT",
      "dependencies": {
        "muggle-string": "^0.3.1"
      }
    },
    "node_modules/@volar/typescript": {
      "version": "1.10.10",
      "dev": true,
      "license": "MIT",
      "dependencies": {
        "@volar/language-core": "1.10.10",
        "path-browserify": "^1.0.1"
      }
    },
    "node_modules/@vue/compiler-core": {
      "version": "3.5.17",
      "license": "MIT",
      "dependencies": {
        "@babel/parser": "^7.27.5",
        "@vue/shared": "3.5.17",
        "entities": "^4.5.0",
        "estree-walker": "^2.0.2",
        "source-map-js": "^1.2.1"
      }
    },
    "node_modules/@vue/compiler-dom": {
      "version": "3.5.17",
      "license": "MIT",
      "dependencies": {
        "@vue/compiler-core": "3.5.17",
        "@vue/shared": "3.5.17"
      }
    },
    "node_modules/@vue/compiler-sfc": {
      "version": "3.5.17",
      "license": "MIT",
      "dependencies": {
        "@babel/parser": "^7.27.5",
        "@vue/compiler-core": "3.5.17",
        "@vue/compiler-dom": "3.5.17",
        "@vue/compiler-ssr": "3.5.17",
        "@vue/shared": "3.5.17",
        "estree-walker": "^2.0.2",
        "magic-string": "^0.30.17",
        "postcss": "^8.5.6",
        "source-map-js": "^1.2.1"
      }
    },
    "node_modules/@vue/compiler-ssr": {
      "version": "3.5.17",
      "license": "MIT",
      "dependencies": {
        "@vue/compiler-dom": "3.5.17",
        "@vue/shared": "3.5.17"
      }
    },
    "node_modules/@vue/language-core": {
      "version": "1.8.13",
      "dev": true,
      "license": "MIT",
      "dependencies": {
        "@volar/language-core": "~1.10.0",
        "@volar/source-map": "~1.10.0",
        "@vue/compiler-dom": "^3.3.0",
        "@vue/reactivity": "^3.3.0",
        "@vue/shared": "^3.3.0",
        "minimatch": "^9.0.0",
        "muggle-string": "^0.3.1",
        "vue-template-compiler": "^2.7.14"
      },
      "peerDependencies": {
        "typescript": "*"
      },
      "peerDependenciesMeta": {
        "typescript": {
          "optional": true
        }
      }
    },
    "node_modules/@vue/reactivity": {
      "version": "3.5.17",
      "license": "MIT",
      "dependencies": {
        "@vue/shared": "3.5.17"
      }
    },
    "node_modules/@vue/runtime-core": {
      "version": "3.5.17",
      "license": "MIT",
      "dependencies": {
        "@vue/reactivity": "3.5.17",
        "@vue/shared": "3.5.17"
      }
    },
    "node_modules/@vue/runtime-dom": {
      "version": "3.5.17",
      "license": "MIT",
      "dependencies": {
        "@vue/reactivity": "3.5.17",
        "@vue/runtime-core": "3.5.17",
        "@vue/shared": "3.5.17",
        "csstype": "^3.1.3"
      }
    },
    "node_modules/@vue/server-renderer": {
      "version": "3.5.17",
      "license": "MIT",
      "dependencies": {
        "@vue/compiler-ssr": "3.5.17",
        "@vue/shared": "3.5.17"
      },
      "peerDependencies": {
        "vue": "3.5.17"
      }
    },
    "node_modules/@vue/shared": {
      "version": "3.5.17",
      "license": "MIT"
    },
    "node_modules/@vue/tsconfig": {
      "version": "0.4.0",
      "dev": true,
      "license": "MIT"
    },
    "node_modules/@vue/typescript": {
      "version": "1.8.13",
      "dev": true,
      "license": "MIT",
      "dependencies": {
        "@volar/typescript": "~1.10.0",
        "@vue/language-core": "1.8.13"
      }
    },
    "node_modules/balanced-match": {
      "version": "1.0.2",
      "dev": true,
      "license": "MIT"
    },
    "node_modules/brace-expansion": {
      "version": "2.0.2",
      "dev": true,
      "license": "MIT",
      "dependencies": {
        "balanced-match": "^1.0.0"
      }
    },
    "node_modules/csstype": {
      "version": "3.1.3",
      "license": "MIT"
    },
    "node_modules/de-indent": {
      "version": "1.0.2",
      "dev": true,
      "license": "MIT"
    },
    "node_modules/entities": {
      "version": "4.5.0",
      "license": "BSD-2-Clause",
      "engines": {
        "node": ">=0.12"
      },
      "funding": {
        "url": "https://github.com/fb55/entities?sponsor=1"
      }
    },
    "node_modules/estree-walker": {
      "version": "2.0.2",
      "license": "MIT"
    },
    "node_modules/he": {
      "version": "1.2.0",
      "dev": true,
      "license": "MIT",
      "bin": {
        "he": "bin/he"
      }
    },
    "node_modules/magic-string": {
      "version": "0.30.17",
      "license": "MIT",
      "dependencies": {
        "@jridgewell/sourcemap-codec": "^1.5.0"
      }
    },
    "node_modules/minimatch": {
      "version": "9.0.5",
      "dev": true,
      "license": "ISC",
      "dependencies": {
        "brace-expansion": "^2.0.1"
      },
      "engines": {
        "node": ">=16 || 14 >=14.17"
      },
      "funding": {
        "url": "https://github.com/sponsors/isaacs"
      }
    },
    "node_modules/muggle-string": {
      "version": "0.3.1",
      "dev": true,
      "license": "MIT"
    },
    "node_modules/nanoid": {
      "version": "3.3.11",
      "funding": [
        {
          "type": "github",
          "url": "https://github.com/sponsors/ai"
        }
      ],
      "license": "MIT",
      "bin": {
        "nanoid": "bin/nanoid.cjs"
      },
      "engines": {
        "node": "^10 || ^12 || ^13.7 || ^14 || >=15.0.1"
      }
    },
    "node_modules/p5": {
      "version": "1.11.8",
      "resolved": "https://registry.npmjs.org/p5/-/p5-1.11.8.tgz",
      "integrity": "sha512-owi2+HDP/KQvzc3mAagp74cc6yPalWejMjjDfrIqjsheo6CZ16WjbPRDKjgpuIH9F5eAPVTuTSbLsTawl2Djiw=="
    },
    "node_modules/path-browserify": {
      "version": "1.0.1",
      "dev": true,
      "license": "MIT"
    },
    "node_modules/picocolors": {
      "version": "1.1.1",
      "license": "ISC"
    },
    "node_modules/postcss": {
      "version": "8.5.6",
      "funding": [
        {
          "type": "opencollective",
          "url": "https://opencollective.com/postcss/"
        },
        {
          "type": "tidelift",
          "url": "https://tidelift.com/funding/github/npm/postcss"
        },
        {
          "type": "github",
          "url": "https://github.com/sponsors/ai"
        }
      ],
      "license": "MIT",
      "dependencies": {
        "nanoid": "^3.3.11",
        "picocolors": "^1.1.1",
        "source-map-js": "^1.2.1"
      },
      "engines": {
        "node": "^10 || ^12 || >=14"
      }
    },
    "node_modules/semver": {
      "version": "7.7.2",
      "dev": true,
      "license": "ISC",
      "bin": {
        "semver": "bin/semver.js"
      },
      "engines": {
        "node": ">=10"
      }
    },
    "node_modules/source-map-js": {
      "version": "1.2.1",
      "license": "BSD-3-Clause",
      "engines": {
        "node": ">=0.10.0"
      }
    },
    "node_modules/typescript": {
      "version": "5.2.2",
      "devOptional": true,
      "license": "Apache-2.0",
      "bin": {
        "tsc": "bin/tsc",
        "tsserver": "bin/tsserver"
      },
      "engines": {
        "node": ">=14.17"
      }
    },
    "node_modules/vue": {
      "version": "3.5.17",
      "license": "MIT",
      "dependencies": {
        "@vue/compiler-dom": "3.5.17",
        "@vue/compiler-sfc": "3.5.17",
        "@vue/runtime-dom": "3.5.17",
        "@vue/server-renderer": "3.5.17",
        "@vue/shared": "3.5.17"
      },
      "peerDependencies": {
        "typescript": "*"
      },
      "peerDependenciesMeta": {
        "typescript": {
          "optional": true
        }
      }
    },
    "node_modules/vue-template-compiler": {
      "version": "2.7.16",
      "dev": true,
      "license": "MIT",
      "dependencies": {
        "de-indent": "^1.0.2",
        "he": "^1.2.0"
      }
    },
    "node_modules/vue-tsc": {
      "version": "1.8.13",
      "dev": true,
      "license": "MIT",
      "dependencies": {
        "@vue/language-core": "1.8.13",
        "@vue/typescript": "1.8.13",
        "semver": "^7.3.8"
      },
      "bin": {
        "vue-tsc": "bin/vue-tsc.js"
      },
      "peerDependencies": {
        "typescript": "*"
      }
    }
  }
}
