{
  "name": "vue-test",
  "lockfileVersion": 3,
  "requires": true,
  "packages": {
    "": {
      "name": "vue-test",
      "devDependencies": {
        "p5": "file:../../../",
        "typescript": "^5.8.3",
        "vue": "^3.5.17",
        "vue-tsc": "^2.2.0"
      }
    },
    "../../..": {
      "name": "p5",
      "version": "2.0.3",
      "dev": true,
      "license": "LGPL-2.1",
      "dependencies": {
        "@davepagurek/bezier-path": "^0.0.2",
        "@japont/unicode-range": "^1.0.0",
        "acorn": "^8.12.1",
        "acorn-walk": "^8.3.4",
        "colorjs.io": "^0.5.2",
        "escodegen": "^2.1.0",
        "file-saver": "^1.3.8",
        "gifenc": "^1.0.3",
        "i18next": "^19.0.2",
        "i18next-browser-languagedetector": "^4.0.1",
        "libtess": "^1.2.2",
        "omggif": "^1.0.10",
        "pako": "^2.1.0",
        "pixelmatch": "^7.1.0",
        "zod": "^3.25.51"
      },
      "devDependencies": {
        "@eslint/compat": "^1.2.9",
        "@eslint/js": "^9.28.0",
        "@eslint/markdown": "^6.5.0",
        "@rollup/plugin-alias": "^5.1.1",
        "@rollup/plugin-commonjs": "^25.0.8",
        "@rollup/plugin-json": "^6.1.0",
        "@rollup/plugin-node-resolve": "^15.3.1",
        "@rollup/plugin-replace": "^5.0.7",
        "@rollup/plugin-terser": "^0.4.4",
        "@stylistic/eslint-plugin": "^4.4.1",
        "@types/p5": "^1.7.6",
        "@vitest/browser": "^2.1.5",
        "all-contributors-cli": "^6.19.0",
        "concurrently": "^8.2.2",
        "documentation": "^14.0.3",
        "eslint": "^9.28.0",
        "eslint-plugin-jsdoc": "^50.8.0",
        "glob": "^11.0.1",
        "globals": "^16.2.0",
        "husky": "^4.2.3",
        "lint-staged": "^15.1.0",
        "msw": "^2.6.3",
        "rollup": "^4.45.0",
        "rollup-plugin-string": "^3.0.0",
        "rollup-plugin-visualizer": "^5.12.0",
        "vite": "^5.0.2",
        "vite-plugin-string": "^1.2.2",
        "vitest": "^2.1.5",
        "webdriverio": "^9.0.7"
      }
    },
    "../../../lib/p5.module.js": {
      "extraneous": true
    },
    "node_modules/@babel/helper-string-parser": {
      "version": "7.27.1",
      "resolved": "https://registry.npmjs.org/@babel/helper-string-parser/-/helper-string-parser-7.27.1.tgz",
      "integrity": "sha512-qMlSxKbpRlAridDExk92nSobyDdpPijUq2DW6oDnUqd0iOGxmQjyqhMIihI9+zv4LPyZdRje2cavWPbCbWm3eA==",
      "dev": true,
      "engines": {
        "node": ">=6.9.0"
      }
    },
    "node_modules/@babel/helper-validator-identifier": {
      "version": "7.27.1",
      "resolved": "https://registry.npmjs.org/@babel/helper-validator-identifier/-/helper-validator-identifier-7.27.1.tgz",
      "integrity": "sha512-D2hP9eA+Sqx1kBZgzxZh0y1trbuU+JoDkiEwqhQ36nodYqJwyEIhPSdMNd7lOm/4io72luTPWH20Yda0xOuUow==",
      "dev": true,
      "engines": {
        "node": ">=6.9.0"
      }
    },
    "node_modules/@babel/parser": {
      "version": "7.28.0",
      "resolved": "https://registry.npmjs.org/@babel/parser/-/parser-7.28.0.tgz",
      "integrity": "sha512-jVZGvOxOuNSsuQuLRTh13nU0AogFlw32w/MT+LV6D3sP5WdbW61E77RnkbaO2dUvmPAYrBDJXGn5gGS6tH4j8g==",
      "dev": true,
      "dependencies": {
        "@babel/types": "^7.28.0"
      },
      "bin": {
        "parser": "bin/babel-parser.js"
      },
      "engines": {
        "node": ">=6.0.0"
      }
    },
    "node_modules/@babel/types": {
      "version": "7.28.1",
      "resolved": "https://registry.npmjs.org/@babel/types/-/types-7.28.1.tgz",
      "integrity": "sha512-x0LvFTekgSX+83TI28Y9wYPUfzrnl2aT5+5QLnO6v7mSJYtEEevuDRN0F0uSHRk1G1IWZC43o00Y0xDDrpBGPQ==",
      "dev": true,
      "dependencies": {
        "@babel/helper-string-parser": "^7.27.1",
        "@babel/helper-validator-identifier": "^7.27.1"
      },
      "engines": {
        "node": ">=6.9.0"
      }
    },
    "node_modules/@jridgewell/sourcemap-codec": {
      "version": "1.5.4",
      "resolved": "https://registry.npmjs.org/@jridgewell/sourcemap-codec/-/sourcemap-codec-1.5.4.tgz",
      "integrity": "sha512-VT2+G1VQs/9oz078bLrYbecdZKs912zQlkelYpuf+SXF+QvZDYJlbx/LSx+meSAwdDFnF8FVXW92AVjjkVmgFw==",
      "dev": true
    },
    "node_modules/@volar/language-core": {
      "version": "2.4.18",
      "resolved": "https://registry.npmjs.org/@volar/language-core/-/language-core-2.4.18.tgz",
      "integrity": "sha512-G3yYV85ekH4TV0EDS6DsS/dUJWrz675H9UgsxFz5pQbmas51a0Q2fF6Lb2q4RKgytuLZ4E0MBdT5PlVsJXNalw==",
      "dev": true,
      "dependencies": {
        "@volar/source-map": "2.4.18"
      }
    },
    "node_modules/@volar/source-map": {
      "version": "2.4.18",
      "resolved": "https://registry.npmjs.org/@volar/source-map/-/source-map-2.4.18.tgz",
      "integrity": "sha512-zaj2V/zo/CHQ/xA75h60jBPgrz+Ou9s6aPl7dX0rT46/uill9aB/ZaDk92ROpJsa/9e2xftCeNAU9ZwVyB/egQ==",
      "dev": true
    },
    "node_modules/@volar/typescript": {
      "version": "2.4.18",
      "resolved": "https://registry.npmjs.org/@volar/typescript/-/typescript-2.4.18.tgz",
      "integrity": "sha512-xcbsMG8m/yhvO1VIKnTtc+llZxw3YtWkZiV7/F1qNpTORdPExkZRcBxJ5d19MXLpkeiQ+DG5JURHh1SV0bcWRA==",
      "dev": true,
      "dependencies": {
        "@volar/language-core": "2.4.18",
        "path-browserify": "^1.0.1",
        "vscode-uri": "^3.0.8"
      }
    },
    "node_modules/@vue/compiler-core": {
      "version": "3.5.17",
      "resolved": "https://registry.npmjs.org/@vue/compiler-core/-/compiler-core-3.5.17.tgz",
      "integrity": "sha512-Xe+AittLbAyV0pabcN7cP7/BenRBNcteM4aSDCtRvGw0d9OL+HG1u/XHLY/kt1q4fyMeZYXyIYrsHuPSiDPosA==",
      "dev": true,
      "dependencies": {
        "@babel/parser": "^7.27.5",
        "@vue/shared": "3.5.17",
        "entities": "^4.5.0",
        "estree-walker": "^2.0.2",
        "source-map-js": "^1.2.1"
      }
    },
    "node_modules/@vue/compiler-dom": {
      "version": "3.5.17",
      "resolved": "https://registry.npmjs.org/@vue/compiler-dom/-/compiler-dom-3.5.17.tgz",
      "integrity": "sha512-+2UgfLKoaNLhgfhV5Ihnk6wB4ljyW1/7wUIog2puUqajiC29Lp5R/IKDdkebh9jTbTogTbsgB+OY9cEWzG95JQ==",
      "dev": true,
      "dependencies": {
        "@vue/compiler-core": "3.5.17",
        "@vue/shared": "3.5.17"
      }
    },
    "node_modules/@vue/compiler-sfc": {
      "version": "3.5.17",
      "resolved": "https://registry.npmjs.org/@vue/compiler-sfc/-/compiler-sfc-3.5.17.tgz",
      "integrity": "sha512-rQQxbRJMgTqwRugtjw0cnyQv9cP4/4BxWfTdRBkqsTfLOHWykLzbOc3C4GGzAmdMDxhzU/1Ija5bTjMVrddqww==",
      "dev": true,
      "dependencies": {
        "@babel/parser": "^7.27.5",
        "@vue/compiler-core": "3.5.17",
        "@vue/compiler-dom": "3.5.17",
        "@vue/compiler-ssr": "3.5.17",
        "@vue/shared": "3.5.17",
        "estree-walker": "^2.0.2",
        "magic-string": "^0.30.17",
        "postcss": "^8.5.6",
        "source-map-js": "^1.2.1"
      }
    },
    "node_modules/@vue/compiler-ssr": {
      "version": "3.5.17",
      "resolved": "https://registry.npmjs.org/@vue/compiler-ssr/-/compiler-ssr-3.5.17.tgz",
      "integrity": "sha512-hkDbA0Q20ZzGgpj5uZjb9rBzQtIHLS78mMilwrlpWk2Ep37DYntUz0PonQ6kr113vfOEdM+zTBuJDaceNIW0tQ==",
      "dev": true,
      "dependencies": {
        "@vue/compiler-dom": "3.5.17",
        "@vue/shared": "3.5.17"
      }
    },
    "node_modules/@vue/compiler-vue2": {
      "version": "2.7.16",
      "resolved": "https://registry.npmjs.org/@vue/compiler-vue2/-/compiler-vue2-2.7.16.tgz",
      "integrity": "sha512-qYC3Psj9S/mfu9uVi5WvNZIzq+xnXMhOwbTFKKDD7b1lhpnn71jXSFdTQ+WsIEk0ONCd7VV2IMm7ONl6tbQ86A==",
      "dev": true,
      "dependencies": {
        "de-indent": "^1.0.2",
        "he": "^1.2.0"
      }
    },
    "node_modules/@vue/language-core": {
      "version": "2.2.0",
      "resolved": "https://registry.npmjs.org/@vue/language-core/-/language-core-2.2.0.tgz",
      "integrity": "sha512-O1ZZFaaBGkKbsRfnVH1ifOK1/1BUkyK+3SQsfnh6PmMmD4qJcTU8godCeA96jjDRTL6zgnK7YzCHfaUlH2r0Mw==",
      "dev": true,
      "dependencies": {
        "@volar/language-core": "~2.4.11",
        "@vue/compiler-dom": "^3.5.0",
        "@vue/compiler-vue2": "^2.7.16",
        "@vue/shared": "^3.5.0",
        "alien-signals": "^0.4.9",
        "minimatch": "^9.0.3",
        "muggle-string": "^0.4.1",
        "path-browserify": "^1.0.1"
      },
      "peerDependencies": {
        "typescript": "*"
      },
      "peerDependenciesMeta": {
        "typescript": {
          "optional": true
        }
      }
    },
    "node_modules/@vue/reactivity": {
      "version": "3.5.17",
      "resolved": "https://registry.npmjs.org/@vue/reactivity/-/reactivity-3.5.17.tgz",
      "integrity": "sha512-l/rmw2STIscWi7SNJp708FK4Kofs97zc/5aEPQh4bOsReD/8ICuBcEmS7KGwDj5ODQLYWVN2lNibKJL1z5b+Lw==",
      "dev": true,
      "dependencies": {
        "@vue/shared": "3.5.17"
      }
    },
    "node_modules/@vue/runtime-core": {
      "version": "3.5.17",
      "resolved": "https://registry.npmjs.org/@vue/runtime-core/-/runtime-core-3.5.17.tgz",
      "integrity": "sha512-QQLXa20dHg1R0ri4bjKeGFKEkJA7MMBxrKo2G+gJikmumRS7PTD4BOU9FKrDQWMKowz7frJJGqBffYMgQYS96Q==",
      "dev": true,
      "dependencies": {
        "@vue/reactivity": "3.5.17",
        "@vue/shared": "3.5.17"
      }
    },
    "node_modules/@vue/runtime-dom": {
      "version": "3.5.17",
      "resolved": "https://registry.npmjs.org/@vue/runtime-dom/-/runtime-dom-3.5.17.tgz",
      "integrity": "sha512-8El0M60TcwZ1QMz4/os2MdlQECgGoVHPuLnQBU3m9h3gdNRW9xRmI8iLS4t/22OQlOE6aJvNNlBiCzPHur4H9g==",
      "dev": true,
      "dependencies": {
        "@vue/reactivity": "3.5.17",
        "@vue/runtime-core": "3.5.17",
        "@vue/shared": "3.5.17",
        "csstype": "^3.1.3"
      }
    },
    "node_modules/@vue/server-renderer": {
      "version": "3.5.17",
      "resolved": "https://registry.npmjs.org/@vue/server-renderer/-/server-renderer-3.5.17.tgz",
      "integrity": "sha512-BOHhm8HalujY6lmC3DbqF6uXN/K00uWiEeF22LfEsm9Q93XeJ/plHTepGwf6tqFcF7GA5oGSSAAUock3VvzaCA==",
      "dev": true,
      "dependencies": {
        "@vue/compiler-ssr": "3.5.17",
        "@vue/shared": "3.5.17"
      },
      "peerDependencies": {
        "vue": "3.5.17"
      }
    },
    "node_modules/@vue/shared": {
      "version": "3.5.17",
      "resolved": "https://registry.npmjs.org/@vue/shared/-/shared-3.5.17.tgz",
      "integrity": "sha512-CabR+UN630VnsJO/jHWYBC1YVXyMq94KKp6iF5MQgZJs5I8cmjw6oVMO1oDbtBkENSHSSn/UadWlW/OAgdmKrg==",
      "dev": true
    },
    "node_modules/alien-signals": {
      "version": "0.4.14",
      "resolved": "https://registry.npmjs.org/alien-signals/-/alien-signals-0.4.14.tgz",
      "integrity": "sha512-itUAVzhczTmP2U5yX67xVpsbbOiquusbWVyA9N+sy6+r6YVbFkahXvNCeEPWEOMhwDYwbVbGHFkVL03N9I5g+Q==",
      "dev": true
    },
    "node_modules/balanced-match": {
      "version": "1.0.2",
      "resolved": "https://registry.npmjs.org/balanced-match/-/balanced-match-1.0.2.tgz",
      "integrity": "sha512-3oSeUO0TMV67hN1AmbXsK4yaqU7tjiHlbxRDZOpH0KW9+CeX4bRAaX0Anxt0tx2MrpRpWwQaPwIlISEJhYU5Pw==",
      "dev": true
    },
    "node_modules/brace-expansion": {
      "version": "2.0.2",
      "resolved": "https://registry.npmjs.org/brace-expansion/-/brace-expansion-2.0.2.tgz",
      "integrity": "sha512-Jt0vHyM+jmUBqojB7E1NIYadt0vI0Qxjxd2TErW94wDz+E2LAm5vKMXXwg6ZZBTHPuUlDgQHKXvjGBdfcF1ZDQ==",
      "dev": true,
      "dependencies": {
        "balanced-match": "^1.0.0"
      }
    },
    "node_modules/csstype": {
      "version": "3.1.3",
      "resolved": "https://registry.npmjs.org/csstype/-/csstype-3.1.3.tgz",
      "integrity": "sha512-M1uQkMl8rQK/szD0LNhtqxIPLpimGm8sOBwU7lLnCpSbTyY3yeU1Vc7l4KT5zT4s/yOxHH5O7tIuuLOCnLADRw==",
      "dev": true
    },
    "node_modules/de-indent": {
      "version": "1.0.2",
      "resolved": "https://registry.npmjs.org/de-indent/-/de-indent-1.0.2.tgz",
      "integrity": "sha512-e/1zu3xH5MQryN2zdVaF0OrdNLUbvWxzMbi+iNA6Bky7l1RoP8a2fIbRocyHclXt/arDrrR6lL3TqFD9pMQTsg==",
      "dev": true
    },
    "node_modules/entities": {
      "version": "4.5.0",
      "resolved": "https://registry.npmjs.org/entities/-/entities-4.5.0.tgz",
      "integrity": "sha512-V0hjH4dGPh9Ao5p0MoRY6BVqtwCjhz6vI5LT8AJ55H+4g9/4vbHx1I54fS0XuclLhDHArPQCiMjDxjaL8fPxhw==",
      "dev": true,
      "engines": {
        "node": ">=0.12"
      },
      "funding": {
        "url": "https://github.com/fb55/entities?sponsor=1"
      }
    },
    "node_modules/estree-walker": {
      "version": "2.0.2",
      "resolved": "https://registry.npmjs.org/estree-walker/-/estree-walker-2.0.2.tgz",
      "integrity": "sha512-Rfkk/Mp/DL7JVje3u18FxFujQlTNR2q6QfMSMB7AvCBx91NGj/ba3kCfza0f6dVDbw7YlRf/nDrn7pQrCCyQ/w==",
      "dev": true
    },
    "node_modules/he": {
      "version": "1.2.0",
      "resolved": "https://registry.npmjs.org/he/-/he-1.2.0.tgz",
      "integrity": "sha512-F/1DnUGPopORZi0ni+CvrCgHQ5FyEAHRLSApuYWMmrbSwoN2Mn/7k+Gl38gJnR7yyDZk6WLXwiGod1JOWNDKGw==",
      "dev": true,
      "bin": {
        "he": "bin/he"
      }
    },
    "node_modules/magic-string": {
      "version": "0.30.17",
      "resolved": "https://registry.npmjs.org/magic-string/-/magic-string-0.30.17.tgz",
      "integrity": "sha512-sNPKHvyjVf7gyjwS4xGTaW/mCnF8wnjtifKBEhxfZ7E/S8tQ0rssrwGNn6q8JH/ohItJfSQp9mBtQYuTlH5QnA==",
      "dev": true,
      "dependencies": {
        "@jridgewell/sourcemap-codec": "^1.5.0"
      }
    },
    "node_modules/minimatch": {
      "version": "9.0.5",
      "resolved": "https://registry.npmjs.org/minimatch/-/minimatch-9.0.5.tgz",
      "integrity": "sha512-G6T0ZX48xgozx7587koeX9Ys2NYy6Gmv//P89sEte9V9whIapMNF4idKxnW2QtCcLiTWlb/wfCabAtAFWhhBow==",
      "dev": true,
      "dependencies": {
        "brace-expansion": "^2.0.1"
      },
      "engines": {
        "node": ">=16 || 14 >=14.17"
      },
      "funding": {
        "url": "https://github.com/sponsors/isaacs"
      }
    },
    "node_modules/muggle-string": {
      "version": "0.4.1",
      "resolved": "https://registry.npmjs.org/muggle-string/-/muggle-string-0.4.1.tgz",
      "integrity": "sha512-VNTrAak/KhO2i8dqqnqnAHOa3cYBwXEZe9h+D5h/1ZqFSTEFHdM65lR7RoIqq3tBBYavsOXV84NoHXZ0AkPyqQ==",
      "dev": true
    },
    "node_modules/nanoid": {
      "version": "3.3.11",
      "resolved": "https://registry.npmjs.org/nanoid/-/nanoid-3.3.11.tgz",
      "integrity": "sha512-N8SpfPUnUp1bK+PMYW8qSWdl9U+wwNWI4QKxOYDy9JAro3WMX7p2OeVRF9v+347pnakNevPmiHhNmZ2HbFA76w==",
      "dev": true,
      "funding": [
        {
          "type": "github",
          "url": "https://github.com/sponsors/ai"
        }
      ],
      "bin": {
        "nanoid": "bin/nanoid.cjs"
      },
      "engines": {
        "node": "^10 || ^12 || ^13.7 || ^14 || >=15.0.1"
      }
    },
    "node_modules/p5": {
      "resolved": "../../..",
      "link": true
    },
    "node_modules/path-browserify": {
      "version": "1.0.1",
      "resolved": "https://registry.npmjs.org/path-browserify/-/path-browserify-1.0.1.tgz",
      "integrity": "sha512-b7uo2UCUOYZcnF/3ID0lulOJi/bafxa1xPe7ZPsammBSpjSWQkjNxlt635YGS2MiR9GjvuXCtz2emr3jbsz98g==",
      "dev": true
    },
    "node_modules/picocolors": {
      "version": "1.1.1",
      "resolved": "https://registry.npmjs.org/picocolors/-/picocolors-1.1.1.tgz",
      "integrity": "sha512-xceH2snhtb5M9liqDsmEw56le376mTZkEX/jEb/RxNFyegNul7eNslCXP9FDj/Lcu0X8KEyMceP2ntpaHrDEVA==",
      "dev": true
    },
    "node_modules/postcss": {
      "version": "8.5.6",
      "resolved": "https://registry.npmjs.org/postcss/-/postcss-8.5.6.tgz",
      "integrity": "sha512-3Ybi1tAuwAP9s0r1UQ2J4n5Y0G05bJkpUIO0/bI9MhwmD70S5aTWbXGBwxHrelT+XM1k6dM0pk+SwNkpTRN7Pg==",
      "dev": true,
      "funding": [
        {
          "type": "opencollective",
          "url": "https://opencollective.com/postcss/"
        },
        {
          "type": "tidelift",
          "url": "https://tidelift.com/funding/github/npm/postcss"
        },
        {
          "type": "github",
          "url": "https://github.com/sponsors/ai"
        }
      ],
      "dependencies": {
        "nanoid": "^3.3.11",
        "picocolors": "^1.1.1",
        "source-map-js": "^1.2.1"
      },
      "engines": {
        "node": "^10 || ^12 || >=14"
      }
    },
    "node_modules/source-map-js": {
      "version": "1.2.1",
      "resolved": "https://registry.npmjs.org/source-map-js/-/source-map-js-1.2.1.tgz",
      "integrity": "sha512-UXWMKhLOwVKb728IUtQPXxfYU+usdybtUrK/8uGE8CQMvrhOpwvzDBwj0QhSL7MQc7vIsISBG8VQ8+IDQxpfQA==",
      "dev": true,
      "engines": {
        "node": ">=0.10.0"
      }
    },
    "node_modules/typescript": {
      "version": "5.8.3",
      "resolved": "https://registry.npmjs.org/typescript/-/typescript-5.8.3.tgz",
      "integrity": "sha512-p1diW6TqL9L07nNxvRMM7hMMw4c5XOo/1ibL4aAIGmSAt9slTE1Xgw5KWuof2uTOvCg9BY7ZRi+GaF+7sfgPeQ==",
      "dev": true,
      "bin": {
        "tsc": "bin/tsc",
        "tsserver": "bin/tsserver"
      },
      "engines": {
        "node": ">=14.17"
      }
    },
    "node_modules/vscode-uri": {
      "version": "3.1.0",
      "resolved": "https://registry.npmjs.org/vscode-uri/-/vscode-uri-3.1.0.tgz",
      "integrity": "sha512-/BpdSx+yCQGnCvecbyXdxHDkuk55/G3xwnC0GqY4gmQ3j+A+g8kzzgB4Nk/SINjqn6+waqw3EgbVF2QKExkRxQ==",
      "dev": true
    },
    "node_modules/vue": {
      "version": "3.5.17",
      "resolved": "https://registry.npmjs.org/vue/-/vue-3.5.17.tgz",
      "integrity": "sha512-LbHV3xPN9BeljML+Xctq4lbz2lVHCR6DtbpTf5XIO6gugpXUN49j2QQPcMj086r9+AkJ0FfUT8xjulKKBkkr9g==",
      "dev": true,
      "dependencies": {
        "@vue/compiler-dom": "3.5.17",
        "@vue/compiler-sfc": "3.5.17",
        "@vue/runtime-dom": "3.5.17",
        "@vue/server-renderer": "3.5.17",
        "@vue/shared": "3.5.17"
      },
      "peerDependencies": {
        "typescript": "*"
      },
      "peerDependenciesMeta": {
        "typescript": {
          "optional": true
        }
      }
    },
    "node_modules/vue-tsc": {
      "version": "2.2.0",
      "resolved": "https://registry.npmjs.org/vue-tsc/-/vue-tsc-2.2.0.tgz",
      "integrity": "sha512-gtmM1sUuJ8aSb0KoAFmK9yMxb8TxjewmxqTJ1aKphD5Cbu0rULFY6+UQT51zW7SpUcenfPUuflKyVwyx9Qdnxg==",
      "dev": true,
      "dependencies": {
        "@volar/typescript": "~2.4.11",
        "@vue/language-core": "2.2.0"
      },
      "bin": {
        "vue-tsc": "bin/vue-tsc.js"
      },
      "peerDependencies": {
        "typescript": ">=5.0.0"
      }
    }
  }
}
