{
  "name": "react-test",
  "lockfileVersion": 3,
  "requires": true,
  "packages": {
    "": {
      "name": "react-test",
      "dependencies": {
        "@types/react": "^19.1.8",
        "@types/react-dom": "^19.1.6"
      },
      "devDependencies": {
        "p5": "file:../../../",
        "react": "^18.3.1",
        "react-dom": "^18.3.1",
        "typescript": "^5.8.3"
      }
    },
    "../../..": {
      "name": "p5",
      "version": "2.0.3",
      "dev": true,
      "license": "LGPL-2.1",
      "dependencies": {
        "@davepagurek/bezier-path": "^0.0.2",
        "@japont/unicode-range": "^1.0.0",
        "acorn": "^8.12.1",
        "acorn-walk": "^8.3.4",
        "colorjs.io": "^0.5.2",
        "escodegen": "^2.1.0",
        "file-saver": "^1.3.8",
        "gifenc": "^1.0.3",
        "i18next": "^19.0.2",
        "i18next-browser-languagedetector": "^4.0.1",
        "libtess": "^1.2.2",
        "omggif": "^1.0.10",
        "pako": "^2.1.0",
        "pixelmatch": "^7.1.0",
        "zod": "^3.25.51"
      },
      "devDependencies": {
        "@eslint/compat": "^1.2.9",
        "@eslint/js": "^9.28.0",
        "@eslint/markdown": "^6.5.0",
        "@rollup/plugin-alias": "^5.1.1",
        "@rollup/plugin-commonjs": "^25.0.8",
        "@rollup/plugin-json": "^6.1.0",
        "@rollup/plugin-node-resolve": "^15.3.1",
        "@rollup/plugin-replace": "^5.0.7",
        "@rollup/plugin-terser": "^0.4.4",
        "@stylistic/eslint-plugin": "^4.4.1",
        "@types/p5": "^1.7.6",
        "@vitest/browser": "^2.1.5",
        "all-contributors-cli": "^6.19.0",
        "concurrently": "^8.2.2",
        "documentation": "^14.0.3",
        "eslint": "^9.28.0",
        "eslint-plugin-jsdoc": "^50.8.0",
        "glob": "^11.0.1",
        "globals": "^16.2.0",
        "husky": "^4.2.3",
        "lint-staged": "^15.1.0",
        "msw": "^2.6.3",
        "rollup": "^4.45.0",
        "rollup-plugin-string": "^3.0.0",
        "rollup-plugin-visualizer": "^5.12.0",
        "vite": "^5.0.2",
        "vite-plugin-string": "^1.2.2",
        "vitest": "^2.1.5",
        "webdriverio": "^9.0.7"
      }
    },
    "../../../lib/p5.module.js": {
      "extraneous": true
    },
    "node_modules/@types/react": {
      "version": "19.1.8",
      "resolved": "https://registry.npmjs.org/@types/react/-/react-19.1.8.tgz",
      "integrity": "sha512-AwAfQ2Wa5bCx9WP8nZL2uMZWod7J7/JSplxbTmBQ5ms6QpqNYm672H0Vu9ZVKVngQ+ii4R/byguVEUZQyeg44g==",
      "dependencies": {
        "csstype": "^3.0.2"
      }
    },
    "node_modules/@types/react-dom": {
      "version": "19.1.6",
      "resolved": "https://registry.npmjs.org/@types/react-dom/-/react-dom-19.1.6.tgz",
      "integrity": "sha512-4hOiT/dwO8Ko0gV1m/TJZYk3y0KBnY9vzDh7W+DH17b2HFSOGgdj33dhihPeuy3l0q23+4e+hoXHV6hCC4dCXw==",
      "peerDependencies": {
        "@types/react": "^19.0.0"
      }
    },
    "node_modules/csstype": {
      "version": "3.1.3",
      "resolved": "https://registry.npmjs.org/csstype/-/csstype-3.1.3.tgz",
      "integrity": "sha512-M1uQkMl8rQK/szD0LNhtqxIPLpimGm8sOBwU7lLnCpSbTyY3yeU1Vc7l4KT5zT4s/yOxHH5O7tIuuLOCnLADRw=="
    },
    "node_modules/js-tokens": {
      "version": "4.0.0",
      "resolved": "https://registry.npmjs.org/js-tokens/-/js-tokens-4.0.0.tgz",
      "integrity": "sha512-RdJUflcE3cUzKiMqQgsCu06FPu9UdIJO0beYbPhHN4k6apgJtifcoCtT9bcxOpYBtpD2kCM6Sbzg4CausW/PKQ==",
      "dev": true
    },
    "node_modules/loose-envify": {
      "version": "1.4.0",
      "resolved": "https://registry.npmjs.org/loose-envify/-/loose-envify-1.4.0.tgz",
      "integrity": "sha512-lyuxPGr/Wfhrlem2CL/UcnUc1zcqKAImBDzukY7Y5F/yQiNdko6+fRLevlw1HgMySw7f611UIY408EtxRSoK3Q==",
      "dev": true,
      "dependencies": {
        "js-tokens": "^3.0.0 || ^4.0.0"
      },
      "bin": {
        "loose-envify": "cli.js"
      }
    },
    "node_modules/p5": {
      "resolved": "../../..",
      "link": true
    },
    "node_modules/react": {
      "version": "18.3.1",
      "resolved": "https://registry.npmjs.org/react/-/react-18.3.1.tgz",
      "integrity": "sha512-wS+hAgJShR0KhEvPJArfuPVN1+Hz1t0Y6n5jLrGQbkb4urgPE/0Rve+1kMB1v/oWgHgm4WIcV+i7F2pTVj+2iQ==",
      "dev": true,
      "dependencies": {
        "loose-envify": "^1.1.0"
      },
      "engines": {
        "node": ">=0.10.0"
      }
    },
    "node_modules/react-dom": {
      "version": "18.3.1",
      "resolved": "https://registry.npmjs.org/react-dom/-/react-dom-18.3.1.tgz",
      "integrity": "sha512-5m4nQKp+rZRb09LNH59GM4BxTh9251/ylbKIbpe7TpGxfJ+9kv6BLkLBXIjjspbgbnIBNqlI23tRnTWT0snUIw==",
      "dev": true,
      "dependencies": {
        "loose-envify": "^1.1.0",
        "scheduler": "^0.23.2"
      },
      "peerDependencies": {
        "react": "^18.3.1"
      }
    },
    "node_modules/scheduler": {
      "version": "0.23.2",
      "resolved": "https://registry.npmjs.org/scheduler/-/scheduler-0.23.2.tgz",
      "integrity": "sha512-UOShsPwz7NrMUqhR6t0hWjFduvOzbtv7toDH1/hIrfRNIDBnnBWd0CwJTGvTpngVlmwGCdP9/Zl/tVrDqcuYzQ==",
      "dev": true,
      "dependencies": {
        "loose-envify": "^1.1.0"
      }
    },
    "node_modules/typescript": {
      "version": "5.8.3",
      "resolved": "https://registry.npmjs.org/typescript/-/typescript-5.8.3.tgz",
      "integrity": "sha512-p1diW6TqL9L07nNxvRMM7hMMw4c5XOo/1ibL4aAIGmSAt9slTE1Xgw5KWuof2uTOvCg9BY7ZRi+GaF+7sfgPeQ==",
      "dev": true,
      "bin": {
        "tsc": "bin/tsc",
        "tsserver": "bin/tsserver"
      },
      "engines": {
        "node": ">=14.17"
      }
    }
  }
}
