{
  "name": "p5-react-test",
  "lockfileVersion": 3,
  "requires": true,
  "packages": {
    "": {
      "name": "p5-react-test",
      "dependencies": {
        "p5": "file:../../..",
        "react": "^18.3.1",
        "react-dom": "^18.3.1"
      },
      "devDependencies": {
        "@types/p5": "^1.7.6",
        "@types/react": "^18.3.23",
        "@types/react-dom": "^18.3.7",
        "typescript": "^5.8.3"
      }
    },
    "../../..": {
      "name": "p5",
      "version": "1.11.8",
      "license": "LGPL-2.1",
      "devDependencies": {
        "@babel/core": "^7.7.7",
        "@babel/preset-env": "^7.10.2",
        "@babel/register": "^7.7.7",
        "@rollup/plugin-babel": "^6.0.4",
        "@rollup/plugin-commonjs": "^28.0.6",
        "@rollup/plugin-node-resolve": "^16.0.1",
        "@types/jest": "^30.0.0",
        "all-contributors-cli": "^6.19.0",
        "babel-plugin-i18next-extract": "^0.5.0",
        "babel-plugin-istanbul": "^5.2.0",
        "babelify": "^10.0.0",
        "brfs-babel": "^2.0.0",
        "browserify": "^16.5.0",
        "chai": "^3.5.0",
        "connect-modrewrite": "^0.10.1",
        "core-js": "^3.6.5",
        "derequire": "^2.0.0",
        "es6-promise": "^4.2.8",
        "eslint": "^8.23.1",
        "fetch-jsonp": "^1.1.3",
        "file-saver": "^1.3.8",
        "gifenc": "^1.0.3",
        "grunt": "^1.6.1",
        "grunt-cli": "^1.4.3",
        "grunt-contrib-clean": "^2.0.1",
        "grunt-contrib-connect": "^3.0.0",
        "grunt-contrib-uglify": "^5.2.2",
        "grunt-contrib-watch": "^1.1.0",
        "grunt-contrib-yuidoc": "1.0.0",
        "grunt-eslint": "^24.0.0",
        "grunt-minjson": "^0.4.0",
        "grunt-mocha-test": "^0.13.3",
        "grunt-newer": "^1.3.0",
        "grunt-simple-nyc": "^3.0.1",
        "html-entities": "^1.3.1",
        "husky": "^4.2.3",
        "i18next": "^19.0.2",
        "i18next-browser-languagedetector": "^4.0.1",
        "jest": "^30.0.4",
        "libtess": "^1.2.2",
        "lint-staged": "^4.3.0",
        "marked": "^4.0.10",
        "mocha": "^10.2.0",
        "np": "^8.0.4",
        "omggif": "^1.0.10",
        "open": "^7.0.3",
        "opentype.js": "^0.9.0",
        "pretty-fast": "^0.2.7",
        "promise-map-series": "^0.2.3",
        "puppeteer": "^18.2.1",
        "regenerator-runtime": "^0.13.3",
        "rollup": "^4.44.2",
        "simple-git": "^3.16.1",
        "whatwg-fetch": "^2.0.4"
      }
    },
    "node_modules/@types/p5": {
      "version": "1.7.6",
      "resolved": "https://registry.npmjs.org/@types/p5/-/p5-1.7.6.tgz",
      "integrity": "sha512-6pLTOo0V3N5jZb5nTwjiv3lPHLK3Z/TjbhQUj8CTWXocUk1Z/f6OHTp3Pcwi1BhWnf5gqKUcyEb1gP0KIJuQgw==",
      "dev": true
    },
    "node_modules/@types/prop-types": {
      "version": "15.7.15",
      "resolved": "https://registry.npmjs.org/@types/prop-types/-/prop-types-15.7.15.tgz",
      "integrity": "sha512-F6bEyamV9jKGAFBEmlQnesRPGOQqS2+Uwi0Em15xenOxHaf2hv6L8YCVn3rPdPJOiJfPiCnLIRyvwVaqMY3MIw==",
      "dev": true
    },
    "node_modules/@types/react": {
      "version": "18.3.23",
      "resolved": "https://registry.npmjs.org/@types/react/-/react-18.3.23.tgz",
      "integrity": "sha512-/LDXMQh55EzZQ0uVAZmKKhfENivEvWz6E+EYzh+/MCjMhNsotd+ZHhBGIjFDTi6+fz0OhQQQLbTgdQIxxCsC0w==",
      "dev": true,
      "dependencies": {
        "@types/prop-types": "*",
        "csstype": "^3.0.2"
      }
    },
    "node_modules/@types/react-dom": {
      "version": "18.3.7",
      "resolved": "https://registry.npmjs.org/@types/react-dom/-/react-dom-18.3.7.tgz",
      "integrity": "sha512-MEe3UeoENYVFXzoXEWsvcpg6ZvlrFNlOQ7EOsvhI3CfAXwzPfO8Qwuxd40nepsYKqyyVQnTdEfv68q91yLcKrQ==",
      "dev": true,
      "peerDependencies": {
        "@types/react": "^18.0.0"
      }
    },
    "node_modules/csstype": {
      "version": "3.1.3",
      "resolved": "https://registry.npmjs.org/csstype/-/csstype-3.1.3.tgz",
      "integrity": "sha512-M1uQkMl8rQK/szD0LNhtqxIPLpimGm8sOBwU7lLnCpSbTyY3yeU1Vc7l4KT5zT4s/yOxHH5O7tIuuLOCnLADRw==",
      "dev": true
    },
    "node_modules/js-tokens": {
      "version": "4.0.0",
      "resolved": "https://registry.npmjs.org/js-tokens/-/js-tokens-4.0.0.tgz",
      "integrity": "sha512-RdJUflcE3cUzKiMqQgsCu06FPu9UdIJO0beYbPhHN4k6apgJtifcoCtT9bcxOpYBtpD2kCM6Sbzg4CausW/PKQ=="
    },
    "node_modules/loose-envify": {
      "version": "1.4.0",
      "resolved": "https://registry.npmjs.org/loose-envify/-/loose-envify-1.4.0.tgz",
      "integrity": "sha512-lyuxPGr/Wfhrlem2CL/UcnUc1zcqKAImBDzukY7Y5F/yQiNdko6+fRLevlw1HgMySw7f611UIY408EtxRSoK3Q==",
      "dependencies": {
        "js-tokens": "^3.0.0 || ^4.0.0"
      },
      "bin": {
        "loose-envify": "cli.js"
      }
    },
    "node_modules/p5": {
      "resolved": "../../..",
      "link": true
    },
    "node_modules/react": {
      "version": "18.3.1",
      "resolved": "https://registry.npmjs.org/react/-/react-18.3.1.tgz",
      "integrity": "sha512-wS+hAgJShR0KhEvPJArfuPVN1+Hz1t0Y6n5jLrGQbkb4urgPE/0Rve+1kMB1v/oWgHgm4WIcV+i7F2pTVj+2iQ==",
      "dependencies": {
        "loose-envify": "^1.1.0"
      },
      "engines": {
        "node": ">=0.10.0"
      }
    },
    "node_modules/react-dom": {
      "version": "18.3.1",
      "resolved": "https://registry.npmjs.org/react-dom/-/react-dom-18.3.1.tgz",
      "integrity": "sha512-5m4nQKp+rZRb09LNH59GM4BxTh9251/ylbKIbpe7TpGxfJ+9kv6BLkLBXIjjspbgbnIBNqlI23tRnTWT0snUIw==",
      "dependencies": {
        "loose-envify": "^1.1.0",
        "scheduler": "^0.23.2"
      },
      "peerDependencies": {
        "react": "^18.3.1"
      }
    },
    "node_modules/scheduler": {
      "version": "0.23.2",
      "resolved": "https://registry.npmjs.org/scheduler/-/scheduler-0.23.2.tgz",
      "integrity": "sha512-UOShsPwz7NrMUqhR6t0hWjFduvOzbtv7toDH1/hIrfRNIDBnnBWd0CwJTGvTpngVlmwGCdP9/Zl/tVrDqcuYzQ==",
      "dependencies": {
        "loose-envify": "^1.1.0"
      }
    },
    "node_modules/typescript": {
      "version": "5.8.3",
      "resolved": "https://registry.npmjs.org/typescript/-/typescript-5.8.3.tgz",
      "integrity": "sha512-p1diW6TqL9L07nNxvRMM7hMMw4c5XOo/1ibL4aAIGmSAt9slTE1Xgw5KWuof2uTOvCg9BY7ZRi+GaF+7sfgPeQ==",
      "dev": true,
      "bin": {
        "tsc": "bin/tsc",
        "tsserver": "bin/tsserver"
      },
      "engines": {
        "node": ">=14.17"
      }
    }
  }
}
