{
  "name": "p5-integration-ts",
  "lockfileVersion": 3,
  "requires": true,
  "packages": {
    "": {
      "name": "p5-integration-ts",
      "devDependencies": {
        "p5": "file:../../../dist/app.js",
        "typescript": "^5.4.0"
      }
    },
    "../../../dist/app.js": {
      "dev": true
    },
    "node_modules/p5": {
      "resolved": "../../../dist/app.js",
      "link": true
    },
    "node_modules/typescript": {
      "version": "5.8.3",
      "resolved": "https://registry.npmjs.org/typescript/-/typescript-5.8.3.tgz",
      "integrity": "sha512-p1diW6TqL9L07nNxvRMM7hMMw4c5XOo/1ibL4aAIGmSAt9slTE1Xgw5KWuof2uTOvCg9BY7ZRi+GaF+7sfgPeQ==",
      "dev": true,
      "bin": {
        "tsc": "bin/tsc",
        "tsserver": "bin/tsserver"
      },
      "engines": {
        "node": ">=14.17"
      }
    }
  }
}
